#MicroXplorer Configuration settings - do not modify
Mcu.Family=STM32F1
ProjectManager.MainLocation=Src
ProjectManager.ProjectFileName=STM Footprint.ioc
ADC1.Rank-0\#ChannelRegularConversion=1
PD1-OSC_OUT.Mode=HSE-External-Oscillator
ProjectManager.KeepUserCode=true
PA10.Mode=Asynchronous
Mcu.UserName=STM32F103C8Tx
Mcu.PinsNb=23
SPI1.VirtualType=VM_SLAVE
VP_ADC1_TempSens_Input.Mode=IN-TempSens
ProjectManager.NoMain=false
SPI1.IPParameters=VirtualType,Mode,Direction,CalculateBaudRate,VirtualNSS
SH.ADCx_IN6.0=ADC1_IN6,IN6
ADC1.IPParameters=Rank-0\#ChannelRegularConversion,Channel-0\#ChannelRegularConversion,SamplingTime-0\#ChannelRegularConversion,NbrOfConversionFlag,master
SH.ADCx_IN2.0=ADC1_IN2,IN2
RCC.PLLCLKFreq_Value=8000000
ProjectManager.functionlistsort=1-MX_GPIO_Init-GPIO-false-HAL-true,2-SystemClock_Config-RCC-false-HAL-false,3-MX_ADC1_Init-ADC1-false-HAL-true,4-MX_I2C1_Init-I2C1-false-HAL-true,5-MX_USART1_UART_Init-USART1-false-HAL-true
PC13-TAMPER-RTC.Signal=GPIO_Output
ProjectManager.DefaultFWLocation=true
PD0-OSC_IN.Signal=RCC_OSC_IN
ProjectManager.DeletePrevious=true
USART1.IPParameters=VirtualMode
PinOutPanel.RotationAngle=0
RCC.FamilyName=M
ProjectManager.StackSize=0x400
PA0-WKUP.Signal=ADCx_IN0
PD1-OSC_OUT.Signal=RCC_OSC_OUT
PA13.Signal=SYS_JTMS-SWDIO
Mcu.IP4=SPI1
Mcu.IP5=SYS
Mcu.IP2=NVIC
NVIC.SVCall_IRQn=true\:0\:0\:false\:false\:true\:false\:false
Mcu.IP3=RCC
Mcu.IP0=ADC1
PA9.Mode=Asynchronous
Mcu.IP1=I2C1
Mcu.UserConstants=
ProjectManager.TargetToolchain=EWARM V8.32
Mcu.ThirdPartyNb=0
SH.ADCx_IN7.0=ADC1_IN7,IN7
SPI1.Direction=SPI_DIRECTION_2LINES
SH.ADCx_IN3.0=ADC1_IN3,IN3
Mcu.IPNb=7
ProjectManager.PreviousToolchain=
PA9.Signal=USART1_TX
PB6.Signal=I2C1_SCL
SH.ADCx_IN3.ConfNb=1
PB6.Mode=I2C
SPI1.CalculateBaudRate=4.0 MBits/s
SH.ADCx_IN7.ConfNb=1
Mcu.Pin6=PA3
Mcu.Pin7=PA4
PC13-TAMPER-RTC.Locked=true
Mcu.Pin8=PA5
Mcu.Pin9=PA6
PA1.Signal=ADCx_IN1
Mcu.Pin0=PC13-TAMPER-RTC
Mcu.Pin1=PD0-OSC_IN
GPIO.groupedBy=
Mcu.Pin2=PD1-OSC_OUT
PD0-OSC_IN.Mode=HSE-External-Oscillator
Mcu.Pin3=PA0-WKUP
Mcu.Pin4=PA1
Mcu.Pin5=PA2
PA5.Signal=ADCx_IN5
ADC1.Channel-0\#ChannelRegularConversion=ADC_CHANNEL_0
ProjectManager.ProjectBuild=false
NVIC.UsageFault_IRQn=true\:0\:0\:false\:false\:true\:false\:false
NVIC.DebugMonitor_IRQn=true\:0\:0\:false\:false\:true\:false\:false
PB3.Mode=Full_Duplex_Slave
board=custom
PA15.Mode=NSS_Signal_Hard_Input
NVIC.SysTick_IRQn=true\:0\:0\:false\:false\:true\:false\:true
ProjectManager.LastFirmware=true
ProjectManager.FirmwarePackage=STM32Cube FW_F1 V1.8.2
MxDb.Version=DB.5.0.60
RCC.APB2Freq_Value=8000000
PB4.Mode=Full_Duplex_Slave
ProjectManager.BackupPrevious=false
MxCube.Version=5.6.1
SPI1.Mode=SPI_MODE_SLAVE
PA14.Mode=Serial_Wire
SH.ADCx_IN0.ConfNb=1
SH.ADCx_IN1.ConfNb=1
SH.ADCx_IN2.ConfNb=1
VP_ADC1_TempSens_Input.Signal=ADC1_TempSens_Input
PB5.Mode=Full_Duplex_Slave
File.Version=6
VP_SYS_VS_Systick.Mode=SysTick
SH.ADCx_IN4.0=ADC1_IN4,IN4
PB7.Signal=I2C1_SDA
NVIC.NonMaskableInt_IRQn=true\:0\:0\:false\:false\:true\:false\:false
SPI1.VirtualNSS=VM_NSSHARD
SH.ADCx_IN0.0=ADC1_IN0,IN0
SH.ADCx_IN4.ConfNb=1
NVIC.PendSV_IRQn=true\:0\:0\:false\:false\:true\:false\:false
SH.ADCx_IN6.ConfNb=1
PA13.Mode=Serial_Wire
ProjectManager.FreePins=false
RCC.IPParameters=APB1Freq_Value,APB2Freq_Value,FamilyName,PLLCLKFreq_Value,PLLMCOFreq_Value,TimSysFreq_Value
ProjectManager.AskForMigrate=true
Mcu.Name=STM32F103C(8-B)Tx
ProjectManager.HalAssertFull=false
ADC1.SamplingTime-0\#ChannelRegularConversion=ADC_SAMPLETIME_1CYCLE_5
PA2.Signal=ADCx_IN2
ProjectManager.ProjectName=STM Footprint
ProjectManager.UnderRoot=false
Mcu.IP6=USART1
RCC.PLLMCOFreq_Value=4000000
ProjectManager.CoupleFile=false
PB3.Signal=SPI1_SCK
PA4.Signal=ADCx_IN4
Mcu.Package=LQFP48
PB5.Signal=SPI1_MOSI
Mcu.Pin22=VP_SYS_VS_Systick
PA6.Signal=ADCx_IN6
RCC.TimSysFreq_Value=8000000
Mcu.Pin20=PB7
ADC1.master=1
Mcu.Pin21=VP_ADC1_TempSens_Input
NVIC.ForceEnableDMAVector=true
KeepUserPlacement=false
NVIC.MemoryManagement_IRQn=true\:0\:0\:false\:false\:true\:false\:false
USART1.VirtualMode=VM_ASYNC
ProjectManager.CompilerOptimize=6
ProjectManager.ToolChainLocation=
VP_SYS_VS_Systick.Signal=SYS_VS_Systick
PB7.Mode=I2C
PA10.Signal=USART1_RX
PA14.Signal=SYS_JTCK-SWCLK
PA15.Signal=SPI1_NSS
ProjectManager.HeapSize=0x200
Mcu.Pin15=PA15
NVIC.HardFault_IRQn=true\:0\:0\:false\:false\:true\:false\:false
Mcu.Pin16=PB3
Mcu.Pin13=PA13
Mcu.Pin14=PA14
Mcu.Pin19=PB6
ProjectManager.ComputerToolchain=false
Mcu.Pin17=PB4
Mcu.Pin18=PB5
SH.ADCx_IN5.0=ADC1_IN5,IN5
NVIC.PriorityGroup=NVIC_PRIORITYGROUP_4
ADC1.NbrOfConversionFlag=1
SH.ADCx_IN1.0=ADC1_IN1,IN1
Mcu.Pin11=PA9
Mcu.Pin12=PA10
Mcu.Pin10=PA7
NVIC.BusFault_IRQn=true\:0\:0\:false\:false\:true\:false\:false
SH.ADCx_IN5.ConfNb=1
RCC.APB1Freq_Value=8000000
ProjectManager.CustomerFirmwarePackage=
ProjectManager.DeviceId=STM32F103C8Tx
ProjectManager.LibraryCopy=0
PB4.Signal=SPI1_MISO
PA3.Signal=ADCx_IN3
PA7.Signal=ADCx_IN7
